// !$*UTF8*$!
{
	archiveVersion = 1;
	classes = {
	};
	objectVersion = 56;
	objects = {

/* Begin PBXBuildFile section */
		072056CA2A8008EB00A155A2 /* ImagesListCell.swift in Sources */ = {isa = PBXBuildFile; fileRef = 072056C92A8008EB00A155A2 /* ImagesListCell.swift */; };
		0723C4C32AAF6661001A32F6 /* AuthViewController.swift in Sources */ = {isa = PBXBuildFile; fileRef = 0723C4C22AAF6661001A32F6 /* AuthViewController.swift */; };
		0723C4C62AAF7537001A32F6 /* WebViewViewController.swift in Sources */ = {isa = PBXBuildFile; fileRef = 0723C4C52AAF7537001A32F6 /* WebViewViewController.swift */; };
		07427CC22AB064A600DC4B94 /* AuthViewControllerDelegate.swift in Sources */ = {isa = PBXBuildFile; fileRef = 07427CC12AB064A600DC4B94 /* AuthViewControllerDelegate.swift */; };
		07427CC42AB0657A00DC4B94 /* WebViewViewControllerDelegate.swift in Sources */ = {isa = PBXBuildFile; fileRef = 07427CC32AB0657A00DC4B94 /* WebViewViewControllerDelegate.swift */; };
		07427CC62AB0662E00DC4B94 /* URLRequestExtension.swift in Sources */ = {isa = PBXBuildFile; fileRef = 07427CC52AB0662E00DC4B94 /* URLRequestExtension.swift */; };
		07427CC82AB066C400DC4B94 /* URLSessionExtension.swift in Sources */ = {isa = PBXBuildFile; fileRef = 07427CC72AB066C400DC4B94 /* URLSessionExtension.swift */; };
		07427CCB2AB06A5800DC4B94 /* OAuth2Service.swift in Sources */ = {isa = PBXBuildFile; fileRef = 07427CCA2AB06A5800DC4B94 /* OAuth2Service.swift */; };
		07427CCD2AB06A6200DC4B94 /* OAuth2TokenStorage.swift in Sources */ = {isa = PBXBuildFile; fileRef = 07427CCC2AB06A6200DC4B94 /* OAuth2TokenStorage.swift */; };
		07427CCF2AB06C7300DC4B94 /* OAuthTokenResponseBody.swift in Sources */ = {isa = PBXBuildFile; fileRef = 07427CCE2AB06C7300DC4B94 /* OAuthTokenResponseBody.swift */; };
		07427CD22AB099A500DC4B94 /* SplashViewController.swift in Sources */ = {isa = PBXBuildFile; fileRef = 07427CD12AB099A500DC4B94 /* SplashViewController.swift */; };
		0758EDCC2A92774800FDDA38 /* ProfileViewController.swift in Sources */ = {isa = PBXBuildFile; fileRef = 0758EDCB2A92774800FDDA38 /* ProfileViewController.swift */; };
		077F81A82A51E63A00700148 /* AppDelegate.swift in Sources */ = {isa = PBXBuildFile; fileRef = 077F81A72A51E63A00700148 /* AppDelegate.swift */; };
		077F81AA2A51E63A00700148 /* SceneDelegate.swift in Sources */ = {isa = PBXBuildFile; fileRef = 077F81A92A51E63A00700148 /* SceneDelegate.swift */; };
		077F81AC2A51E63A00700148 /* ImagesListViewController.swift in Sources */ = {isa = PBXBuildFile; fileRef = 077F81AB2A51E63A00700148 /* ImagesListViewController.swift */; };
		077F81AF2A51E63A00700148 /* Main.storyboard in Resources */ = {isa = PBXBuildFile; fileRef = 077F81AD2A51E63A00700148 /* Main.storyboard */; };
		077F81B12A51E63C00700148 /* Assets.xcassets in Resources */ = {isa = PBXBuildFile; fileRef = 077F81B02A51E63C00700148 /* Assets.xcassets */; };
		077F81B42A51E63C00700148 /* LaunchScreen.storyboard in Resources */ = {isa = PBXBuildFile; fileRef = 077F81B22A51E63C00700148 /* LaunchScreen.storyboard */; };
		07B29FAA2AAE10940029DD3D /* UIColors+Extension.swift in Sources */ = {isa = PBXBuildFile; fileRef = 07B29FA92AAE10940029DD3D /* UIColors+Extension.swift */; };
		07B29FAF2AAF1E7C0029DD3D /* Constants.swift in Sources */ = {isa = PBXBuildFile; fileRef = 07B29FAE2AAF1E7C0029DD3D /* Constants.swift */; };
		07E571612A9A7EBF00F2CFFF /* SingleImageViewController.swift in Sources */ = {isa = PBXBuildFile; fileRef = 07E571602A9A7EBF00F2CFFF /* SingleImageViewController.swift */; };
/* End PBXBuildFile section */

/* Begin PBXFileReference section */
		072056C92A8008EB00A155A2 /* ImagesListCell.swift */ = {isa = PBXFileReference; lastKnownFileType = sourcecode.swift; path = ImagesListCell.swift; sourceTree = "<group>"; };
		0723C4C22AAF6661001A32F6 /* AuthViewController.swift */ = {isa = PBXFileReference; lastKnownFileType = sourcecode.swift; path = AuthViewController.swift; sourceTree = "<group>"; };
		0723C4C52AAF7537001A32F6 /* WebViewViewController.swift */ = {isa = PBXFileReference; lastKnownFileType = sourcecode.swift; path = WebViewViewController.swift; sourceTree = "<group>"; };
		07427CC12AB064A600DC4B94 /* AuthViewControllerDelegate.swift */ = {isa = PBXFileReference; lastKnownFileType = sourcecode.swift; path = AuthViewControllerDelegate.swift; sourceTree = "<group>"; };
		07427CC32AB0657A00DC4B94 /* WebViewViewControllerDelegate.swift */ = {isa = PBXFileReference; lastKnownFileType = sourcecode.swift; path = WebViewViewControllerDelegate.swift; sourceTree = "<group>"; };
		07427CC52AB0662E00DC4B94 /* URLRequestExtension.swift */ = {isa = PBXFileReference; lastKnownFileType = sourcecode.swift; path = URLRequestExtension.swift; sourceTree = "<group>"; };
		07427CC72AB066C400DC4B94 /* URLSessionExtension.swift */ = {isa = PBXFileReference; lastKnownFileType = sourcecode.swift; path = URLSessionExtension.swift; sourceTree = "<group>"; };
		07427CCA2AB06A5800DC4B94 /* OAuth2Service.swift */ = {isa = PBXFileReference; lastKnownFileType = sourcecode.swift; path = OAuth2Service.swift; sourceTree = "<group>"; };
		07427CCC2AB06A6200DC4B94 /* OAuth2TokenStorage.swift */ = {isa = PBXFileReference; lastKnownFileType = sourcecode.swift; path = OAuth2TokenStorage.swift; sourceTree = "<group>"; };
		07427CCE2AB06C7300DC4B94 /* OAuthTokenResponseBody.swift */ = {isa = PBXFileReference; lastKnownFileType = sourcecode.swift; path = OAuthTokenResponseBody.swift; sourceTree = "<group>"; };
		07427CD12AB099A500DC4B94 /* SplashViewController.swift */ = {isa = PBXFileReference; lastKnownFileType = sourcecode.swift; path = SplashViewController.swift; sourceTree = "<group>"; };
		0758EDCB2A92774800FDDA38 /* ProfileViewController.swift */ = {isa = PBXFileReference; lastKnownFileType = sourcecode.swift; path = ProfileViewController.swift; sourceTree = "<group>"; };
		077F81A42A51E63A00700148 /* ImageFeed.app */ = {isa = PBXFileReference; explicitFileType = wrapper.application; includeInIndex = 0; path = ImageFeed.app; sourceTree = BUILT_PRODUCTS_DIR; };
		077F81A72A51E63A00700148 /* AppDelegate.swift */ = {isa = PBXFileReference; lastKnownFileType = sourcecode.swift; path = AppDelegate.swift; sourceTree = "<group>"; };
		077F81A92A51E63A00700148 /* SceneDelegate.swift */ = {isa = PBXFileReference; lastKnownFileType = sourcecode.swift; path = SceneDelegate.swift; sourceTree = "<group>"; };
		077F81AB2A51E63A00700148 /* ImagesListViewController.swift */ = {isa = PBXFileReference; lastKnownFileType = sourcecode.swift; path = ImagesListViewController.swift; sourceTree = "<group>"; };
		077F81AE2A51E63A00700148 /* Base */ = {isa = PBXFileReference; lastKnownFileType = file.storyboard; name = Base; path = Base.lproj/Main.storyboard; sourceTree = "<group>"; };
		077F81B02A51E63C00700148 /* Assets.xcassets */ = {isa = PBXFileReference; lastKnownFileType = folder.assetcatalog; path = Assets.xcassets; sourceTree = "<group>"; };
		077F81B32A51E63C00700148 /* Base */ = {isa = PBXFileReference; lastKnownFileType = file.storyboard; name = Base; path = Base.lproj/LaunchScreen.storyboard; sourceTree = "<group>"; };
		077F81B52A51E63C00700148 /* Info.plist */ = {isa = PBXFileReference; lastKnownFileType = text.plist.xml; path = Info.plist; sourceTree = "<group>"; };
		07B29FA92AAE10940029DD3D /* UIColors+Extension.swift */ = {isa = PBXFileReference; lastKnownFileType = sourcecode.swift; path = "UIColors+Extension.swift"; sourceTree = "<group>"; };
		07B29FAE2AAF1E7C0029DD3D /* Constants.swift */ = {isa = PBXFileReference; lastKnownFileType = sourcecode.swift; path = Constants.swift; sourceTree = "<group>"; };
		07E571602A9A7EBF00F2CFFF /* SingleImageViewController.swift */ = {isa = PBXFileReference; lastKnownFileType = sourcecode.swift; path = SingleImageViewController.swift; sourceTree = "<group>"; };
/* End PBXFileReference section */

/* Begin PBXFrameworksBuildPhase section */
		077F81A12A51E63A00700148 /* Frameworks */ = {
			isa = PBXFrameworksBuildPhase;
			buildActionMask = 2147483647;
			files = (
			);
			runOnlyForDeploymentPostprocessing = 0;
		};
/* End PBXFrameworksBuildPhase section */

/* Begin PBXGroup section */
		072056CB2A80091300A155A2 /* ImagesList */ = {
			isa = PBXGroup;
			children = (
				072056C92A8008EB00A155A2 /* ImagesListCell.swift */,
				077F81AB2A51E63A00700148 /* ImagesListViewController.swift */,
			);
			path = ImagesList;
			sourceTree = "<group>";
		};
		0723C4C42AAF6691001A32F6 /* Auth */ = {
			isa = PBXGroup;
			children = (
				0723C4C22AAF6661001A32F6 /* AuthViewController.swift */,
				07427CC12AB064A600DC4B94 /* AuthViewControllerDelegate.swift */,
				0723C4C52AAF7537001A32F6 /* WebViewViewController.swift */,
				07427CC32AB0657A00DC4B94 /* WebViewViewControllerDelegate.swift */,
			);
			path = Auth;
			sourceTree = "<group>";
		};
		07427CC92AB06A3400DC4B94 /* OAuth2 */ = {
			isa = PBXGroup;
			children = (
				07427CCA2AB06A5800DC4B94 /* OAuth2Service.swift */,
				07427CCC2AB06A6200DC4B94 /* OAuth2TokenStorage.swift */,
				07427CCE2AB06C7300DC4B94 /* OAuthTokenResponseBody.swift */,
			);
			path = OAuth2;
			sourceTree = "<group>";
		};
		07427CD02AB0998500DC4B94 /* SplashViewController */ = {
			isa = PBXGroup;
			children = (
				07427CD12AB099A500DC4B94 /* SplashViewController.swift */,
			);
			path = SplashViewController;
			sourceTree = "<group>";
		};
		0758EDCD2A92779800FDDA38 /* Profile */ = {
			isa = PBXGroup;
			children = (
				0758EDCB2A92774800FDDA38 /* ProfileViewController.swift */,
			);
			path = Profile;
			sourceTree = "<group>";
		};
		077F819B2A51E63A00700148 = {
			isa = PBXGroup;
			children = (
				077F81A62A51E63A00700148 /* ImageFeed */,
				077F81A52A51E63A00700148 /* Products */,
			);
			sourceTree = "<group>";
		};
		077F81A52A51E63A00700148 /* Products */ = {
			isa = PBXGroup;
			children = (
				077F81A42A51E63A00700148 /* ImageFeed.app */,
			);
			name = Products;
			sourceTree = "<group>";
		};
		077F81A62A51E63A00700148 /* ImageFeed */ = {
			isa = PBXGroup;
			children = (
				077F81A72A51E63A00700148 /* AppDelegate.swift */,
				077F81A92A51E63A00700148 /* SceneDelegate.swift */,
				07B29FAE2AAF1E7C0029DD3D /* Constants.swift */,
				07427CC92AB06A3400DC4B94 /* OAuth2 */,
				0723C4C42AAF6691001A32F6 /* Auth */,
				07427CD02AB0998500DC4B94 /* SplashViewController */,
				0758EDCD2A92779800FDDA38 /* Profile */,
				072056CB2A80091300A155A2 /* ImagesList */,
				07E571632A9A831200F2CFFF /* SingleImage */,
				07B29FAB2AAE12D20029DD3D /* Helpers */,
				077F81AD2A51E63A00700148 /* Main.storyboard */,
				077F81B22A51E63C00700148 /* LaunchScreen.storyboard */,
				077F81B52A51E63C00700148 /* Info.plist */,
			);
			path = ImageFeed;
			sourceTree = "<group>";
		};
		07B29FAB2AAE12D20029DD3D /* Helpers */ = {
			isa = PBXGroup;
			children = (
				077F81B02A51E63C00700148 /* Assets.xcassets */,
				07B29FA92AAE10940029DD3D /* UIColors+Extension.swift */,
				07427CC52AB0662E00DC4B94 /* URLRequestExtension.swift */,
				07427CC72AB066C400DC4B94 /* URLSessionExtension.swift */,
			);
			path = Helpers;
			sourceTree = "<group>";
		};
		07E571632A9A831200F2CFFF /* SingleImage */ = {
			isa = PBXGroup;
			children = (
				07E571602A9A7EBF00F2CFFF /* SingleImageViewController.swift */,
			);
			path = SingleImage;
			sourceTree = "<group>";
		};
/* End PBXGroup section */

/* Begin PBXNativeTarget section */
		077F81A32A51E63A00700148 /* ImageFeed */ = {
			isa = PBXNativeTarget;
			buildConfigurationList = 077F81B82A51E63C00700148 /* Build configuration list for PBXNativeTarget "ImageFeed" */;
			buildPhases = (
				077F81A02A51E63A00700148 /* Sources */,
				077F81A12A51E63A00700148 /* Frameworks */,
				077F81A22A51E63A00700148 /* Resources */,
			);
			buildRules = (
			);
			dependencies = (
			);
			name = ImageFeed;
			productName = ImageFeed;
			productReference = 077F81A42A51E63A00700148 /* ImageFeed.app */;
			productType = "com.apple.product-type.application";
		};
/* End PBXNativeTarget section */

/* Begin PBXProject section */
		077F819C2A51E63A00700148 /* Project object */ = {
			isa = PBXProject;
			attributes = {
				BuildIndependentTargetsInParallel = 1;
				LastSwiftUpdateCheck = 1420;
				LastUpgradeCheck = 1420;
				TargetAttributes = {
					077F81A32A51E63A00700148 = {
						CreatedOnToolsVersion = 14.2;
					};
				};
			};
			buildConfigurationList = 077F819F2A51E63A00700148 /* Build configuration list for PBXProject "ImageFeed" */;
			compatibilityVersion = "Xcode 14.0";
			developmentRegion = en;
			hasScannedForEncodings = 0;
			knownRegions = (
				en,
				Base,
			);
			mainGroup = 077F819B2A51E63A00700148;
			productRefGroup = 077F81A52A51E63A00700148 /* Products */;
			projectDirPath = "";
			projectRoot = "";
			targets = (
				077F81A32A51E63A00700148 /* ImageFeed */,
			);
		};
/* End PBXProject section */

/* Begin PBXResourcesBuildPhase section */
		077F81A22A51E63A00700148 /* Resources */ = {
			isa = PBXResourcesBuildPhase;
			buildActionMask = 2147483647;
			files = (
				077F81B42A51E63C00700148 /* LaunchScreen.storyboard in Resources */,
				077F81B12A51E63C00700148 /* Assets.xcassets in Resources */,
				077F81AF2A51E63A00700148 /* Main.storyboard in Resources */,
			);
			runOnlyForDeploymentPostprocessing = 0;
		};
/* End PBXResourcesBuildPhase section */

/* Begin PBXSourcesBuildPhase section */
		077F81A02A51E63A00700148 /* Sources */ = {
			isa = PBXSourcesBuildPhase;
			buildActionMask = 2147483647;
			files = (
				0723C4C62AAF7537001A32F6 /* WebViewViewController.swift in Sources */,
				077F81AC2A51E63A00700148 /* ImagesListViewController.swift in Sources */,
				07B29FAA2AAE10940029DD3D /* UIColors+Extension.swift in Sources */,
				07427CD22AB099A500DC4B94 /* SplashViewController.swift in Sources */,
				07427CCF2AB06C7300DC4B94 /* OAuthTokenResponseBody.swift in Sources */,
				072056CA2A8008EB00A155A2 /* ImagesListCell.swift in Sources */,
				0758EDCC2A92774800FDDA38 /* ProfileViewController.swift in Sources */,
				077F81A82A51E63A00700148 /* AppDelegate.swift in Sources */,
				07E571612A9A7EBF00F2CFFF /* SingleImageViewController.swift in Sources */,
				07427CC62AB0662E00DC4B94 /* URLRequestExtension.swift in Sources */,
				07427CCB2AB06A5800DC4B94 /* OAuth2Service.swift in Sources */,
				07427CC82AB066C400DC4B94 /* URLSessionExtension.swift in Sources */,
				07427CCD2AB06A6200DC4B94 /* OAuth2TokenStorage.swift in Sources */,
				07427CC22AB064A600DC4B94 /* AuthViewControllerDelegate.swift in Sources */,
				077F81AA2A51E63A00700148 /* SceneDelegate.swift in Sources */,
				07427CC42AB0657A00DC4B94 /* WebViewViewControllerDelegate.swift in Sources */,
				0723C4C32AAF6661001A32F6 /* AuthViewController.swift in Sources */,
				07B29FAF2AAF1E7C0029DD3D /* Constants.swift in Sources */,
			);
			runOnlyForDeploymentPostprocessing = 0;
		};
/* End PBXSourcesBuildPhase section */

/* Begin PBXVariantGroup section */
		077F81AD2A51E63A00700148 /* Main.storyboard */ = {
			isa = PBXVariantGroup;
			children = (
				077F81AE2A51E63A00700148 /* Base */,
			);
			name = Main.storyboard;
			sourceTree = "<group>";
		};
		077F81B22A51E63C00700148 /* LaunchScreen.storyboard */ = {
			isa = PBXVariantGroup;
			children = (
				077F81B32A51E63C00700148 /* Base */,
			);
			name = LaunchScreen.storyboard;
			sourceTree = "<group>";
		};
/* End PBXVariantGroup section */

/* Begin XCBuildConfiguration section */
		077F81B62A51E63C00700148 /* Debug */ = {
			isa = XCBuildConfiguration;
			buildSettings = {
				ALWAYS_SEARCH_USER_PATHS = NO;
				CLANG_ANALYZER_NONNULL = YES;
				CLANG_ANALYZER_NUMBER_OBJECT_CONVERSION = YES_AGGRESSIVE;
				CLANG_CXX_LANGUAGE_STANDARD = "gnu++20";
				CLANG_ENABLE_MODULES = YES;
				CLANG_ENABLE_OBJC_ARC = YES;
				CLANG_ENABLE_OBJC_WEAK = YES;
				CLANG_WARN_BLOCK_CAPTURE_AUTORELEASING = YES;
				CLANG_WARN_BOOL_CONVERSION = YES;
				CLANG_WARN_COMMA = YES;
				CLANG_WARN_CONSTANT_CONVERSION = YES;
				CLANG_WARN_DEPRECATED_OBJC_IMPLEMENTATIONS = YES;
				CLANG_WARN_DIRECT_OBJC_ISA_USAGE = YES_ERROR;
				CLANG_WARN_DOCUMENTATION_COMMENTS = YES;
				CLANG_WARN_EMPTY_BODY = YES;
				CLANG_WARN_ENUM_CONVERSION = YES;
				CLANG_WARN_INFINITE_RECURSION = YES;
				CLANG_WARN_INT_CONVERSION = YES;
				CLANG_WARN_NON_LITERAL_NULL_CONVERSION = YES;
				CLANG_WARN_OBJC_IMPLICIT_RETAIN_SELF = YES;
				CLANG_WARN_OBJC_LITERAL_CONVERSION = YES;
				CLANG_WARN_OBJC_ROOT_CLASS = YES_ERROR;
				CLANG_WARN_QUOTED_INCLUDE_IN_FRAMEWORK_HEADER = YES;
				CLANG_WARN_RANGE_LOOP_ANALYSIS = YES;
				CLANG_WARN_STRICT_PROTOTYPES = YES;
				CLANG_WARN_SUSPICIOUS_MOVE = YES;
				CLANG_WARN_UNGUARDED_AVAILABILITY = YES_AGGRESSIVE;
				CLANG_WARN_UNREACHABLE_CODE = YES;
				CLANG_WARN__DUPLICATE_METHOD_MATCH = YES;
				COPY_PHASE_STRIP = NO;
				DEBUG_INFORMATION_FORMAT = dwarf;
				ENABLE_STRICT_OBJC_MSGSEND = YES;
				ENABLE_TESTABILITY = YES;
				GCC_C_LANGUAGE_STANDARD = gnu11;
				GCC_DYNAMIC_NO_PIC = NO;
				GCC_NO_COMMON_BLOCKS = YES;
				GCC_OPTIMIZATION_LEVEL = 0;
				GCC_PREPROCESSOR_DEFINITIONS = (
					"DEBUG=1",
					"$(inherited)",
				);
				GCC_WARN_64_TO_32_BIT_CONVERSION = YES;
				GCC_WARN_ABOUT_RETURN_TYPE = YES_ERROR;
				GCC_WARN_UNDECLARED_SELECTOR = YES;
				GCC_WARN_UNINITIALIZED_AUTOS = YES_AGGRESSIVE;
				GCC_WARN_UNUSED_FUNCTION = YES;
				GCC_WARN_UNUSED_VARIABLE = YES;
				IPHONEOS_DEPLOYMENT_TARGET = 16.2;
				MTL_ENABLE_DEBUG_INFO = INCLUDE_SOURCE;
				MTL_FAST_MATH = YES;
				ONLY_ACTIVE_ARCH = YES;
				SDKROOT = iphoneos;
				SWIFT_ACTIVE_COMPILATION_CONDITIONS = DEBUG;
				SWIFT_OPTIMIZATION_LEVEL = "-Onone";
			};
			name = Debug;
		};
		077F81B72A51E63C00700148 /* Release */ = {
			isa = XCBuildConfiguration;
			buildSettings = {
				ALWAYS_SEARCH_USER_PATHS = NO;
				CLANG_ANALYZER_NONNULL = YES;
				CLANG_ANALYZER_NUMBER_OBJECT_CONVERSION = YES_AGGRESSIVE;
				CLANG_CXX_LANGUAGE_STANDARD = "gnu++20";
				CLANG_ENABLE_MODULES = YES;
				CLANG_ENABLE_OBJC_ARC = YES;
				CLANG_ENABLE_OBJC_WEAK = YES;
				CLANG_WARN_BLOCK_CAPTURE_AUTORELEASING = YES;
				CLANG_WARN_BOOL_CONVERSION = YES;
				CLANG_WARN_COMMA = YES;
				CLANG_WARN_CONSTANT_CONVERSION = YES;
				CLANG_WARN_DEPRECATED_OBJC_IMPLEMENTATIONS = YES;
				CLANG_WARN_DIRECT_OBJC_ISA_USAGE = YES_ERROR;
				CLANG_WARN_DOCUMENTATION_COMMENTS = YES;
				CLANG_WARN_EMPTY_BODY = YES;
				CLANG_WARN_ENUM_CONVERSION = YES;
				CLANG_WARN_INFINITE_RECURSION = YES;
				CLANG_WARN_INT_CONVERSION = YES;
				CLANG_WARN_NON_LITERAL_NULL_CONVERSION = YES;
				CLANG_WARN_OBJC_IMPLICIT_RETAIN_SELF = YES;
				CLANG_WARN_OBJC_LITERAL_CONVERSION = YES;
				CLANG_WARN_OBJC_ROOT_CLASS = YES_ERROR;
				CLANG_WARN_QUOTED_INCLUDE_IN_FRAMEWORK_HEADER = YES;
				CLANG_WARN_RANGE_LOOP_ANALYSIS = YES;
				CLANG_WARN_STRICT_PROTOTYPES = YES;
				CLANG_WARN_SUSPICIOUS_MOVE = YES;
				CLANG_WARN_UNGUARDED_AVAILABILITY = YES_AGGRESSIVE;
				CLANG_WARN_UNREACHABLE_CODE = YES;
				CLANG_WARN__DUPLICATE_METHOD_MATCH = YES;
				COPY_PHASE_STRIP = NO;
				DEBUG_INFORMATION_FORMAT = "dwarf-with-dsym";
				ENABLE_NS_ASSERTIONS = NO;
				ENABLE_STRICT_OBJC_MSGSEND = YES;
				GCC_C_LANGUAGE_STANDARD = gnu11;
				GCC_NO_COMMON_BLOCKS = YES;
				GCC_WARN_64_TO_32_BIT_CONVERSION = YES;
				GCC_WARN_ABOUT_RETURN_TYPE = YES_ERROR;
				GCC_WARN_UNDECLARED_SELECTOR = YES;
				GCC_WARN_UNINITIALIZED_AUTOS = YES_AGGRESSIVE;
				GCC_WARN_UNUSED_FUNCTION = YES;
				GCC_WARN_UNUSED_VARIABLE = YES;
				IPHONEOS_DEPLOYMENT_TARGET = 16.2;
				MTL_ENABLE_DEBUG_INFO = NO;
				MTL_FAST_MATH = YES;
				SDKROOT = iphoneos;
				SWIFT_COMPILATION_MODE = wholemodule;
				SWIFT_OPTIMIZATION_LEVEL = "-O";
				VALIDATE_PRODUCT = YES;
			};
			name = Release;
		};
		077F81B92A51E63C00700148 /* Debug */ = {
			isa = XCBuildConfiguration;
			buildSettings = {
				ASSETCATALOG_COMPILER_APPICON_NAME = AppIcon;
				ASSETCATALOG_COMPILER_GLOBAL_ACCENT_COLOR_NAME = AccentColor;
				CODE_SIGN_STYLE = Automatic;
				CURRENT_PROJECT_VERSION = 1;
				DEVELOPMENT_TEAM = WLYY5YVK88;
				GENERATE_INFOPLIST_FILE = YES;
				INFOPLIST_FILE = ImageFeed/Info.plist;
				INFOPLIST_KEY_UIApplicationSupportsIndirectInputEvents = YES;
				INFOPLIST_KEY_UILaunchStoryboardName = LaunchScreen;
				INFOPLIST_KEY_UIMainStoryboardFile = Main;
				INFOPLIST_KEY_UIStatusBarStyle = UIStatusBarStyleLightContent;
				INFOPLIST_KEY_UISupportedInterfaceOrientations = UIInterfaceOrientationPortrait;
				IPHONEOS_DEPLOYMENT_TARGET = 13.0;
				LD_RUNPATH_SEARCH_PATHS = (
					"$(inherited)",
					"@executable_path/Frameworks",
				);
				MARKETING_VERSION = 1.0;
				PRODUCT_BUNDLE_IDENTIFIER = ru.yandex.practicum.ImageFeed;
				PRODUCT_NAME = "$(TARGET_NAME)";
				SUPPORTED_PLATFORMS = "iphoneos iphonesimulator";
				SUPPORTS_MACCATALYST = NO;
				SUPPORTS_MAC_DESIGNED_FOR_IPHONE_IPAD = YES;
				SWIFT_EMIT_LOC_STRINGS = YES;
				SWIFT_VERSION = 5.0;
				TARGETED_DEVICE_FAMILY = 1;
			};
			name = Debug;
		};
		077F81BA2A51E63C00700148 /* Release */ = {
			isa = XCBuildConfiguration;
			buildSettings = {
				ASSETCATALOG_COMPILER_APPICON_NAME = AppIcon;
				ASSETCATALOG_COMPILER_GLOBAL_ACCENT_COLOR_NAME = AccentColor;
				CODE_SIGN_STYLE = Automatic;
				CURRENT_PROJECT_VERSION = 1;
				DEVELOPMENT_TEAM = WLYY5YVK88;
				GENERATE_INFOPLIST_FILE = YES;
				INFOPLIST_FILE = ImageFeed/Info.plist;
				INFOPLIST_KEY_UIApplicationSupportsIndirectInputEvents = YES;
				INFOPLIST_KEY_UILaunchStoryboardName = LaunchScreen;
				INFOPLIST_KEY_UIMainStoryboardFile = Main;
				INFOPLIST_KEY_UIStatusBarStyle = UIStatusBarStyleLightContent;
				INFOPLIST_KEY_UISupportedInterfaceOrientations = UIInterfaceOrientationPortrait;
				IPHONEOS_DEPLOYMENT_TARGET = 13.0;
				LD_RUNPATH_SEARCH_PATHS = (
					"$(inherited)",
					"@executable_path/Frameworks",
				);
				MARKETING_VERSION = 1.0;
				PRODUCT_BUNDLE_IDENTIFIER = ru.yandex.practicum.ImageFeed;
				PRODUCT_NAME = "$(TARGET_NAME)";
				SUPPORTED_PLATFORMS = "iphoneos iphonesimulator";
				SUPPORTS_MACCATALYST = NO;
				SUPPORTS_MAC_DESIGNED_FOR_IPHONE_IPAD = YES;
				SWIFT_EMIT_LOC_STRINGS = YES;
				SWIFT_VERSION = 5.0;
				TARGETED_DEVICE_FAMILY = 1;
			};
			name = Release;
		};
/* End XCBuildConfiguration section */

/* Begin XCConfigurationList section */
		077F819F2A51E63A00700148 /* Build configuration list for PBXProject "ImageFeed" */ = {
			isa = XCConfigurationList;
			buildConfigurations = (
				077F81B62A51E63C00700148 /* Debug */,
				077F81B72A51E63C00700148 /* Release */,
			);
			defaultConfigurationIsVisible = 0;
			defaultConfigurationName = Release;
		};
		077F81B82A51E63C00700148 /* Build configuration list for PBXNativeTarget "ImageFeed" */ = {
			isa = XCConfigurationList;
			buildConfigurations = (
				077F81B92A51E63C00700148 /* Debug */,
				077F81BA2A51E63C00700148 /* Release */,
			);
			defaultConfigurationIsVisible = 0;
			defaultConfigurationName = Release;
		};
/* End XCConfigurationList section */
	};
	rootObject = 077F819C2A51E63A00700148 /* Project object */;
}
